
Microsoft Visual Studio Solution File, Format Version 12.00
# Visual Studio Version 16
VisualStudioVersion = 16.0.31205.134
MinimumVisualStudioVersion = 10.0.40219.1
Project("{FAE04EC0-301F-11D3-BF4B-00C04F79EFBC}") = "DI_framework", "DI_framework\DI_framework.csproj", "{0E066B49-91DC-4EB8-B609-906AED000BFF}"
EndProject
Global
	GlobalSection(SolutionConfigurationPlatforms) = preSolution
		Debug|Any CPU = Debug|Any CPU
		Release|Any CPU = Release|Any CPU
	EndGlobalSection
	GlobalSection(ProjectConfigurationPlatforms) = postSolution
		{0E066B49-91DC-4EB8-B609-906AED000BFF}.Debug|Any CPU.ActiveCfg = Debug|Any CPU
		{0E066B49-91DC-4EB8-B609-906AED000BFF}.Debug|Any CPU.Build.0 = Debug|Any CPU
		{0E066B49-91DC-4EB8-B609-906AED000BFF}.Release|Any CPU.ActiveCfg = Release|Any CPU
		{0E066B49-91DC-4EB8-B609-906AED000BFF}.Release|Any CPU.Build.0 = Release|Any CPU
	EndGlobalSection
	GlobalSection(SolutionProperties) = preSolution
		HideSolutionNode = FALSE
	EndGlobalSection
	GlobalSection(ExtensibilityGlobals) = postSolution
		SolutionGuid = {43F36902-7528-42F3-AE8A-5C865A08A4A8}
	EndGlobalSection
EndGlobal
