
Microsoft Visual Studio Solution File, Format Version 12.00
Project("{FAE04EC0-301F-11D3-BF4B-00C04F79EFBC}") = "Reverse-Strings", "Reverse-Strings\Reverse-Strings.csproj", "{FA20A6AD-AE88-4446-8806-A6888A321D81}"
EndProject
Project("{FAE04EC0-301F-11D3-BF4B-00C04F79EFBC}") = "Stack-Sum", "Stack-Sum\Stack-Sum.csproj", "{85BCD225-CE11-4D2A-A796-B344A30F5750}"
EndProject
Project("{FAE04EC0-301F-11D3-BF4B-00C04F79EFBC}") = "Simple-Calculator", "Simple-Calculator\Simple-Calculator.csproj", "{3DB13599-ECFA-489C-B24F-F5CFFBF7D692}"
EndProject
Project("{FAE04EC0-301F-11D3-BF4B-00C04F79EFBC}") = "Matching Brackets", "Matching Brackets\Matching Brackets.csproj", "{DEE66877-B490-425B-95DC-FF64138F20E7}"
EndProject
Project("{FAE04EC0-301F-11D3-BF4B-00C04F79EFBC}") = "Print-Even-Numbers", "Print-Even-Numbers\Print-Even-Numbers.csproj", "{D41F8ADE-5B2B-45F3-950C-285FBBCFB0BE}"
EndProject
Project("{FAE04EC0-301F-11D3-BF4B-00C04F79EFBC}") = "Supermarket", "Supermarket\Supermarket.csproj", "{2C7A7F43-BFCB-497E-8670-09315CA912AA}"
EndProject
Global
	GlobalSection(SolutionConfigurationPlatforms) = preSolution
		Debug|Any CPU = Debug|Any CPU
		Release|Any CPU = Release|Any CPU
	EndGlobalSection
	GlobalSection(ProjectConfigurationPlatforms) = postSolution
		{FA20A6AD-AE88-4446-8806-A6888A321D81}.Debug|Any CPU.ActiveCfg = Debug|Any CPU
		{FA20A6AD-AE88-4446-8806-A6888A321D81}.Debug|Any CPU.Build.0 = Debug|Any CPU
		{FA20A6AD-AE88-4446-8806-A6888A321D81}.Release|Any CPU.ActiveCfg = Release|Any CPU
		{FA20A6AD-AE88-4446-8806-A6888A321D81}.Release|Any CPU.Build.0 = Release|Any CPU
		{85BCD225-CE11-4D2A-A796-B344A30F5750}.Debug|Any CPU.ActiveCfg = Debug|Any CPU
		{85BCD225-CE11-4D2A-A796-B344A30F5750}.Debug|Any CPU.Build.0 = Debug|Any CPU
		{85BCD225-CE11-4D2A-A796-B344A30F5750}.Release|Any CPU.ActiveCfg = Release|Any CPU
		{85BCD225-CE11-4D2A-A796-B344A30F5750}.Release|Any CPU.Build.0 = Release|Any CPU
		{3DB13599-ECFA-489C-B24F-F5CFFBF7D692}.Debug|Any CPU.ActiveCfg = Debug|Any CPU
		{3DB13599-ECFA-489C-B24F-F5CFFBF7D692}.Debug|Any CPU.Build.0 = Debug|Any CPU
		{3DB13599-ECFA-489C-B24F-F5CFFBF7D692}.Release|Any CPU.ActiveCfg = Release|Any CPU
		{3DB13599-ECFA-489C-B24F-F5CFFBF7D692}.Release|Any CPU.Build.0 = Release|Any CPU
		{DEE66877-B490-425B-95DC-FF64138F20E7}.Debug|Any CPU.ActiveCfg = Debug|Any CPU
		{DEE66877-B490-425B-95DC-FF64138F20E7}.Debug|Any CPU.Build.0 = Debug|Any CPU
		{DEE66877-B490-425B-95DC-FF64138F20E7}.Release|Any CPU.ActiveCfg = Release|Any CPU
		{DEE66877-B490-425B-95DC-FF64138F20E7}.Release|Any CPU.Build.0 = Release|Any CPU
		{D41F8ADE-5B2B-45F3-950C-285FBBCFB0BE}.Debug|Any CPU.ActiveCfg = Debug|Any CPU
		{D41F8ADE-5B2B-45F3-950C-285FBBCFB0BE}.Debug|Any CPU.Build.0 = Debug|Any CPU
		{D41F8ADE-5B2B-45F3-950C-285FBBCFB0BE}.Release|Any CPU.ActiveCfg = Release|Any CPU
		{D41F8ADE-5B2B-45F3-950C-285FBBCFB0BE}.Release|Any CPU.Build.0 = Release|Any CPU
		{2C7A7F43-BFCB-497E-8670-09315CA912AA}.Debug|Any CPU.ActiveCfg = Debug|Any CPU
		{2C7A7F43-BFCB-497E-8670-09315CA912AA}.Debug|Any CPU.Build.0 = Debug|Any CPU
		{2C7A7F43-BFCB-497E-8670-09315CA912AA}.Release|Any CPU.ActiveCfg = Release|Any CPU
		{2C7A7F43-BFCB-497E-8670-09315CA912AA}.Release|Any CPU.Build.0 = Release|Any CPU
	EndGlobalSection
EndGlobal
