
Microsoft Visual Studio Solution File, Format Version 12.00
# Visual Studio Version 17
VisualStudioVersion = 17.2.32616.157
MinimumVisualStudioVersion = 10.0.40219.1
Project("{FAE04EC0-301F-11D3-BF4B-00C04F79EFBC}") = "Singleton", "Singleton\Singleton.csproj", "{132928BD-6E3B-4D9D-A30B-A19E1262A8C5}"
EndProject
Global
	GlobalSection(SolutionConfigurationPlatforms) = preSolution
		Debug|Any CPU = Debug|Any CPU
		Release|Any CPU = Release|Any CPU
	EndGlobalSection
	GlobalSection(ProjectConfigurationPlatforms) = postSolution
		{132928BD-6E3B-4D9D-A30B-A19E1262A8C5}.Debug|Any CPU.ActiveCfg = Debug|Any CPU
		{132928BD-6E3B-4D9D-A30B-A19E1262A8C5}.Debug|Any CPU.Build.0 = Debug|Any CPU
		{132928BD-6E3B-4D9D-A30B-A19E1262A8C5}.Release|Any CPU.ActiveCfg = Release|Any CPU
		{132928BD-6E3B-4D9D-A30B-A19E1262A8C5}.Release|Any CPU.Build.0 = Release|Any CPU
	EndGlobalSection
	GlobalSection(SolutionProperties) = preSolution
		HideSolutionNode = FALSE
	EndGlobalSection
	GlobalSection(ExtensibilityGlobals) = postSolution
		SolutionGuid = {010968D7-096A-48D7-A762-6FB3696AC11C}
	EndGlobalSection
EndGlobal
