
Microsoft Visual Studio Solution File, Format Version 12.00
# Visual Studio Version 16
VisualStudioVersion = 16.0.31019.35
MinimumVisualStudioVersion = 10.0.40219.1
Project("{9A19103F-16F7-4668-BE54-9A1E7A4F7556}") = "Person", "Person\Person.csproj", "{632E3C7D-A0B6-44BF-8FCD-5A1CE46CFE30}"
EndProject
Project("{9A19103F-16F7-4668-BE54-9A1E7A4F7556}") = "Zoo", "Zoo\Zoo.csproj", "{C4E9B61E-D9A6-4892-8A1F-810BCDAA8244}"
EndProject
Project("{9A19103F-16F7-4668-BE54-9A1E7A4F7556}") = "Single_Inheritance", "Single_Inheritance\Single_Inheritance.csproj", "{8A1596E3-BBA3-4FCC-949D-FF000101F309}"
EndProject
Project("{FAE04EC0-301F-11D3-BF4B-00C04F79EFBC}") = "Players and Monsters", "Players and Monsters\Players and Monsters.csproj", "{3F95B3A7-03FD-4C4E-AC6B-896C8A97A0C9}"
EndProject
Project("{FAE04EC0-301F-11D3-BF4B-00C04F79EFBC}") = "NeedForSpeed", "NeedForSpeed\NeedForSpeed.csproj", "{AC8B7AC4-3D8B-4FC6-9028-A265046E23DE}"
EndProject
Global
	GlobalSection(SolutionConfigurationPlatforms) = preSolution
		Debug|Any CPU = Debug|Any CPU
		Release|Any CPU = Release|Any CPU
	EndGlobalSection
	GlobalSection(ProjectConfigurationPlatforms) = postSolution
		{632E3C7D-A0B6-44BF-8FCD-5A1CE46CFE30}.Debug|Any CPU.ActiveCfg = Debug|Any CPU
		{632E3C7D-A0B6-44BF-8FCD-5A1CE46CFE30}.Debug|Any CPU.Build.0 = Debug|Any CPU
		{632E3C7D-A0B6-44BF-8FCD-5A1CE46CFE30}.Release|Any CPU.ActiveCfg = Release|Any CPU
		{632E3C7D-A0B6-44BF-8FCD-5A1CE46CFE30}.Release|Any CPU.Build.0 = Release|Any CPU
		{C4E9B61E-D9A6-4892-8A1F-810BCDAA8244}.Debug|Any CPU.ActiveCfg = Debug|Any CPU
		{C4E9B61E-D9A6-4892-8A1F-810BCDAA8244}.Debug|Any CPU.Build.0 = Debug|Any CPU
		{C4E9B61E-D9A6-4892-8A1F-810BCDAA8244}.Release|Any CPU.ActiveCfg = Release|Any CPU
		{C4E9B61E-D9A6-4892-8A1F-810BCDAA8244}.Release|Any CPU.Build.0 = Release|Any CPU
		{8A1596E3-BBA3-4FCC-949D-FF000101F309}.Debug|Any CPU.ActiveCfg = Debug|Any CPU
		{8A1596E3-BBA3-4FCC-949D-FF000101F309}.Debug|Any CPU.Build.0 = Debug|Any CPU
		{8A1596E3-BBA3-4FCC-949D-FF000101F309}.Release|Any CPU.ActiveCfg = Release|Any CPU
		{8A1596E3-BBA3-4FCC-949D-FF000101F309}.Release|Any CPU.Build.0 = Release|Any CPU
		{3F95B3A7-03FD-4C4E-AC6B-896C8A97A0C9}.Debug|Any CPU.ActiveCfg = Debug|Any CPU
		{3F95B3A7-03FD-4C4E-AC6B-896C8A97A0C9}.Debug|Any CPU.Build.0 = Debug|Any CPU
		{3F95B3A7-03FD-4C4E-AC6B-896C8A97A0C9}.Release|Any CPU.ActiveCfg = Release|Any CPU
		{3F95B3A7-03FD-4C4E-AC6B-896C8A97A0C9}.Release|Any CPU.Build.0 = Release|Any CPU
		{AC8B7AC4-3D8B-4FC6-9028-A265046E23DE}.Debug|Any CPU.ActiveCfg = Debug|Any CPU
		{AC8B7AC4-3D8B-4FC6-9028-A265046E23DE}.Debug|Any CPU.Build.0 = Debug|Any CPU
		{AC8B7AC4-3D8B-4FC6-9028-A265046E23DE}.Release|Any CPU.ActiveCfg = Release|Any CPU
		{AC8B7AC4-3D8B-4FC6-9028-A265046E23DE}.Release|Any CPU.Build.0 = Release|Any CPU
	EndGlobalSection
	GlobalSection(SolutionProperties) = preSolution
		HideSolutionNode = FALSE
	EndGlobalSection
	GlobalSection(ExtensibilityGlobals) = postSolution
		SolutionGuid = {A38B07F5-98BB-4E2B-B624-B7DB4923712D}
	EndGlobalSection
EndGlobal
