
Microsoft Visual Studio Solution File, Format Version 12.00
# Visual Studio Version 16
VisualStudioVersion = 16.0.30907.101
MinimumVisualStudioVersion = 10.0.40219.1
Project("{9A19103F-16F7-4668-BE54-9A1E7A4F7556}") = "01.LootBox", "01.LootBox\01.LootBox.csproj", "{57B414CC-62D8-4C81-901D-F80D3E345491}"
EndProject
Project("{FAE04EC0-301F-11D3-BF4B-00C04F79EFBC}") = "02.Re-Volt", "02.Re-Volt\02.Re-Volt.csproj", "{B893D4C8-6E20-4C4C-A92D-000E0BF167F4}"
EndProject
Global
	GlobalSection(SolutionConfigurationPlatforms) = preSolution
		Debug|Any CPU = Debug|Any CPU
		Release|Any CPU = Release|Any CPU
	EndGlobalSection
	GlobalSection(ProjectConfigurationPlatforms) = postSolution
		{57B414CC-62D8-4C81-901D-F80D3E345491}.Debug|Any CPU.ActiveCfg = Debug|Any CPU
		{57B414CC-62D8-4C81-901D-F80D3E345491}.Debug|Any CPU.Build.0 = Debug|Any CPU
		{57B414CC-62D8-4C81-901D-F80D3E345491}.Release|Any CPU.ActiveCfg = Release|Any CPU
		{57B414CC-62D8-4C81-901D-F80D3E345491}.Release|Any CPU.Build.0 = Release|Any CPU
		{B893D4C8-6E20-4C4C-A92D-000E0BF167F4}.Debug|Any CPU.ActiveCfg = Debug|Any CPU
		{B893D4C8-6E20-4C4C-A92D-000E0BF167F4}.Debug|Any CPU.Build.0 = Debug|Any CPU
		{B893D4C8-6E20-4C4C-A92D-000E0BF167F4}.Release|Any CPU.ActiveCfg = Release|Any CPU
		{B893D4C8-6E20-4C4C-A92D-000E0BF167F4}.Release|Any CPU.Build.0 = Release|Any CPU
	EndGlobalSection
	GlobalSection(SolutionProperties) = preSolution
		HideSolutionNode = FALSE
	EndGlobalSection
	GlobalSection(ExtensibilityGlobals) = postSolution
		SolutionGuid = {13ABE0EF-260C-4588-82A8-A7AE76BECE5C}
	EndGlobalSection
EndGlobal
